
Microsoft Visual Studio Solution File, Format Version 12.00
# Visual Studio Version 17
VisualStudioVersion = 17.4.33205.214
MinimumVisualStudioVersion = 10.0.40219.1
Project("{8BC9CEB8-8B4A-11D0-8D11-00A0C91BC942}") = "Task_4", "Task_4.vcxproj", "{FF765C43-BFB0-4CC0-B93F-4EC1450EDCA5}"
EndProject
Global
	GlobalSection(SolutionConfigurationPlatforms) = preSolution
		Debug|x64 = Debug|x64
		Debug|x86 = Debug|x86
		Release|x64 = Release|x64
		Release|x86 = Release|x86
	EndGlobalSection
	GlobalSection(ProjectConfigurationPlatforms) = postSolution
		{FF765C43-BFB0-4CC0-B93F-4EC1450EDCA5}.Debug|x64.ActiveCfg = Debug|x64
		{FF765C43-BFB0-4CC0-B93F-4EC1450EDCA5}.Debug|x64.Build.0 = Debug|x64
		{FF765C43-BFB0-4CC0-B93F-4EC1450EDCA5}.Debug|x86.ActiveCfg = Debug|Win32
		{FF765C43-BFB0-4CC0-B93F-4EC1450EDCA5}.Debug|x86.Build.0 = Debug|Win32
		{FF765C43-BFB0-4CC0-B93F-4EC1450EDCA5}.Release|x64.ActiveCfg = Release|x64
		{FF765C43-BFB0-4CC0-B93F-4EC1450EDCA5}.Release|x64.Build.0 = Release|x64
		{FF765C43-BFB0-4CC0-B93F-4EC1450EDCA5}.Release|x86.ActiveCfg = Release|Win32
		{FF765C43-BFB0-4CC0-B93F-4EC1450EDCA5}.Release|x86.Build.0 = Release|Win32
	EndGlobalSection
	GlobalSection(SolutionProperties) = preSolution
		HideSolutionNode = FALSE
	EndGlobalSection
	GlobalSection(ExtensibilityGlobals) = postSolution
		SolutionGuid = {722B36B9-1BDD-41B3-A42D-B220532B0037}
	EndGlobalSection
EndGlobal
